
Microsoft Visual Studio Solution File, Format Version 12.00
# Visual Studio Version 17
VisualStudioVersion = 17.0.32112.339
MinimumVisualStudioVersion = 10.0.40219.1
Project("{9A19103F-16F7-4668-BE54-9A1E7A4F7556}") = "DrugStore", "DrugStore\DrugStore.csproj", "{476C33AB-DCFC-4533-8407-42CF7AED9B3C}"
EndProject
Global
	GlobalSection(SolutionConfigurationPlatforms) = preSolution
		Debug|Any CPU = Debug|Any CPU
		Debug|x64 = Debug|x64
		Release|Any CPU = Release|Any CPU
		Release|x64 = Release|x64
		Test|Any CPU = Test|Any CPU
		Test|x64 = Test|x64
	EndGlobalSection
	GlobalSection(ProjectConfigurationPlatforms) = postSolution
		{476C33AB-DCFC-4533-8407-42CF7AED9B3C}.Debug|Any CPU.ActiveCfg = Debug|Any CPU
		{476C33AB-DCFC-4533-8407-42CF7AED9B3C}.Debug|Any CPU.Build.0 = Debug|Any CPU
		{476C33AB-DCFC-4533-8407-42CF7AED9B3C}.Debug|x64.ActiveCfg = Debug|x64
		{476C33AB-DCFC-4533-8407-42CF7AED9B3C}.Debug|x64.Build.0 = Debug|x64
		{476C33AB-DCFC-4533-8407-42CF7AED9B3C}.Release|Any CPU.ActiveCfg = Release|Any CPU
		{476C33AB-DCFC-4533-8407-42CF7AED9B3C}.Release|Any CPU.Build.0 = Release|Any CPU
		{476C33AB-DCFC-4533-8407-42CF7AED9B3C}.Release|x64.ActiveCfg = Release|x64
		{476C33AB-DCFC-4533-8407-42CF7AED9B3C}.Release|x64.Build.0 = Release|x64
		{476C33AB-DCFC-4533-8407-42CF7AED9B3C}.Test|Any CPU.ActiveCfg = Test|Any CPU
		{476C33AB-DCFC-4533-8407-42CF7AED9B3C}.Test|Any CPU.Build.0 = Test|Any CPU
		{476C33AB-DCFC-4533-8407-42CF7AED9B3C}.Test|x64.ActiveCfg = Test|x64
		{476C33AB-DCFC-4533-8407-42CF7AED9B3C}.Test|x64.Build.0 = Test|x64
	EndGlobalSection
	GlobalSection(SolutionProperties) = preSolution
		HideSolutionNode = FALSE
	EndGlobalSection
	GlobalSection(ExtensibilityGlobals) = postSolution
		SolutionGuid = {0808CEF8-31BF-453B-B810-9BCEA8CF54F4}
	EndGlobalSection
EndGlobal
